# This file is automatically @generated by Wally.
# It is not intended for manual editing.
registry = "test"

[[package]]
name = "encodedvenom/fastcastredux"
version = "0.1.3"
dependencies = [["Signal", "sleitnick/signal@1.2.1"]]

[[package]]
name = "evaera/promise"
version = "4.0.0"
dependencies = []

[[package]]
name = "howmanysmall/janitor"
version = "1.14.1"
dependencies = []

[[package]]
name = "lucasmzreal/fastsignal"
version = "10.2.1"
dependencies = []

[[package]]
name = "reimakesgames/hybrid-conflict"
version = "0.1.0"
dependencies = [["fastcastredux", "encodedvenom/fastcastredux@0.1.3"], ["fastsignal", "lucasmzreal/fastsignal@10.2.1"], ["janitor", "howmanysmall/janitor@1.14.1"], ["link", "reimakesgames/link@0.3.0"], ["prisma", "reimakesgames/prisma@0.2.2"], ["promise", "evaera/promise@4.0.0"], ["testez", "roblox/testez@0.4.1"]]

[[package]]
name = "reimakesgames/link"
version = "0.3.0"
dependencies = [["fastsignal", "lucasmzreal/fastsignal@10.2.1"]]

[[package]]
name = "reimakesgames/prisma"
version = "0.2.2"
dependencies = [["link", "reimakesgames/link@0.3.0"]]

[[package]]
name = "roblox/testez"
version = "0.4.1"
dependencies = []

[[package]]
name = "sleitnick/signal"
version = "1.2.1"
dependencies = []
